// !$*UTF8*$!
{
	archiveVersion = 1;
	classes = {
	};
	objectVersion = 50;
	objects = {

/* Begin PBXBuildFile section */
		37B5698221C2139B00CE16A6 /* AppDelegate.swift in Sources */ = {isa = PBXBuildFile; fileRef = 37B5698121C2139B00CE16A6 /* AppDelegate.swift */; };
		37B5698721C2139B00CE16A6 /* Main.storyboard in Resources */ = {isa = PBXBuildFile; fileRef = 37B5698521C2139B00CE16A6 /* Main.storyboard */; };
		37B5698921C2139E00CE16A6 /* Assets.xcassets in Resources */ = {isa = PBXBuildFile; fileRef = 37B5698821C2139E00CE16A6 /* Assets.xcassets */; };
		37B5698C21C2139E00CE16A6 /* LaunchScreen.storyboard in Resources */ = {isa = PBXBuildFile; fileRef = 37B5698A21C2139E00CE16A6 /* LaunchScreen.storyboard */; };
		37B5699721C2139E00CE16A6 /* EZKontactTests.swift in Sources */ = {isa = PBXBuildFile; fileRef = 37B5699621C2139E00CE16A6 /* EZKontactTests.swift */; };
		37B569A921C2248200CE16A6 /* ThemeManager.swift in Sources */ = {isa = PBXBuildFile; fileRef = 37B569A821C2248200CE16A6 /* ThemeManager.swift */; };
		37B569AB21C2271400CE16A6 /* SignInViewController.swift in Sources */ = {isa = PBXBuildFile; fileRef = 37B569AA21C2271400CE16A6 /* SignInViewController.swift */; };
		37B569AD21C22ADB00CE16A6 /* DesignableView.swift in Sources */ = {isa = PBXBuildFile; fileRef = 37B569AC21C22ADB00CE16A6 /* DesignableView.swift */; };
		94FF597F21C2A62400520EF2 /* EZUtility.swift in Sources */ = {isa = PBXBuildFile; fileRef = 94FF597E21C2A62400520EF2 /* EZUtility.swift */; };
		94FF598321C2C11500520EF2 /* RegistrationViewController.swift in Sources */ = {isa = PBXBuildFile; fileRef = 94FF598221C2C11500520EF2 /* RegistrationViewController.swift */; };
		9BC5A79C8E1D40D4A162AC83 /* Pods_EZKontact.framework in Frameworks */ = {isa = PBXBuildFile; fileRef = F97AD8A1759863958B772BAD /* Pods_EZKontact.framework */; };
/* End PBXBuildFile section */

/* Begin PBXContainerItemProxy section */
		37B5699321C2139E00CE16A6 /* PBXContainerItemProxy */ = {
			isa = PBXContainerItemProxy;
			containerPortal = 37B5697621C2139B00CE16A6 /* Project object */;
			proxyType = 1;
			remoteGlobalIDString = 37B5697D21C2139B00CE16A6;
			remoteInfo = EZKontact;
		};
/* End PBXContainerItemProxy section */

/* Begin PBXFileReference section */
		37B5697E21C2139B00CE16A6 /* EZKontact.app */ = {isa = PBXFileReference; explicitFileType = wrapper.application; includeInIndex = 0; path = EZKontact.app; sourceTree = BUILT_PRODUCTS_DIR; };
		37B5698121C2139B00CE16A6 /* AppDelegate.swift */ = {isa = PBXFileReference; lastKnownFileType = sourcecode.swift; path = AppDelegate.swift; sourceTree = "<group>"; };
		37B5698621C2139B00CE16A6 /* Base */ = {isa = PBXFileReference; lastKnownFileType = file.storyboard; name = Base; path = Base.lproj/Main.storyboard; sourceTree = "<group>"; };
		37B5698821C2139E00CE16A6 /* Assets.xcassets */ = {isa = PBXFileReference; lastKnownFileType = folder.assetcatalog; path = Assets.xcassets; sourceTree = "<group>"; };
		37B5698B21C2139E00CE16A6 /* Base */ = {isa = PBXFileReference; lastKnownFileType = file.storyboard; name = Base; path = Base.lproj/LaunchScreen.storyboard; sourceTree = "<group>"; };
		37B5698D21C2139E00CE16A6 /* Info.plist */ = {isa = PBXFileReference; lastKnownFileType = text.plist.xml; path = Info.plist; sourceTree = "<group>"; };
		37B5699221C2139E00CE16A6 /* EZKontactTests.xctest */ = {isa = PBXFileReference; explicitFileType = wrapper.cfbundle; includeInIndex = 0; path = EZKontactTests.xctest; sourceTree = BUILT_PRODUCTS_DIR; };
		37B5699621C2139E00CE16A6 /* EZKontactTests.swift */ = {isa = PBXFileReference; lastKnownFileType = sourcecode.swift; path = EZKontactTests.swift; sourceTree = "<group>"; };
		37B5699821C2139E00CE16A6 /* Info.plist */ = {isa = PBXFileReference; lastKnownFileType = text.plist.xml; path = Info.plist; sourceTree = "<group>"; };
		37B569A821C2248200CE16A6 /* ThemeManager.swift */ = {isa = PBXFileReference; lastKnownFileType = sourcecode.swift; path = ThemeManager.swift; sourceTree = "<group>"; };
		37B569AA21C2271400CE16A6 /* SignInViewController.swift */ = {isa = PBXFileReference; lastKnownFileType = sourcecode.swift; path = SignInViewController.swift; sourceTree = "<group>"; };
		37B569AC21C22ADB00CE16A6 /* DesignableView.swift */ = {isa = PBXFileReference; fileEncoding = 4; lastKnownFileType = sourcecode.swift; path = DesignableView.swift; sourceTree = "<group>"; };
		67F309C9CFBC2D39AA97204E /* Pods_EZKontact_EZKontactTests.framework */ = {isa = PBXFileReference; explicitFileType = wrapper.framework; includeInIndex = 0; path = Pods_EZKontact_EZKontactTests.framework; sourceTree = BUILT_PRODUCTS_DIR; };
		94FF597E21C2A62400520EF2 /* EZUtility.swift */ = {isa = PBXFileReference; lastKnownFileType = sourcecode.swift; path = EZUtility.swift; sourceTree = "<group>"; };
		94FF598221C2C11500520EF2 /* RegistrationViewController.swift */ = {isa = PBXFileReference; lastKnownFileType = sourcecode.swift; path = RegistrationViewController.swift; sourceTree = "<group>"; };
		CF8F696F092594ED851F409D /* Pods-EZKontact.release.xcconfig */ = {isa = PBXFileReference; includeInIndex = 1; lastKnownFileType = text.xcconfig; name = "Pods-EZKontact.release.xcconfig"; path = "Pods/Target Support Files/Pods-EZKontact/Pods-EZKontact.release.xcconfig"; sourceTree = "<group>"; };
		EF57A212BC9E6148C7F65B82 /* Pods-EZKontact.debug.xcconfig */ = {isa = PBXFileReference; includeInIndex = 1; lastKnownFileType = text.xcconfig; name = "Pods-EZKontact.debug.xcconfig"; path = "Pods/Target Support Files/Pods-EZKontact/Pods-EZKontact.debug.xcconfig"; sourceTree = "<group>"; };
		F97AD8A1759863958B772BAD /* Pods_EZKontact.framework */ = {isa = PBXFileReference; explicitFileType = wrapper.framework; includeInIndex = 0; path = Pods_EZKontact.framework; sourceTree = BUILT_PRODUCTS_DIR; };
/* End PBXFileReference section */

/* Begin PBXFrameworksBuildPhase section */
		37B5697B21C2139B00CE16A6 /* Frameworks */ = {
			isa = PBXFrameworksBuildPhase;
			buildActionMask = 2147483647;
			files = (
				9BC5A79C8E1D40D4A162AC83 /* Pods_EZKontact.framework in Frameworks */,
			);
			runOnlyForDeploymentPostprocessing = 0;
		};
		37B5698F21C2139E00CE16A6 /* Frameworks */ = {
			isa = PBXFrameworksBuildPhase;
			buildActionMask = 2147483647;
			files = (
			);
			runOnlyForDeploymentPostprocessing = 0;
		};
/* End PBXFrameworksBuildPhase section */

/* Begin PBXGroup section */
		37B5697521C2139B00CE16A6 = {
			isa = PBXGroup;
			children = (
				37B5698021C2139B00CE16A6 /* EZKontact */,
				37B5699521C2139E00CE16A6 /* EZKontactTests */,
				37B5697F21C2139B00CE16A6 /* Products */,
				A38B83C5093323F34008CC63 /* Pods */,
				57407DC8E456704B3E71D73D /* Frameworks */,
			);
			sourceTree = "<group>";
		};
		37B5697F21C2139B00CE16A6 /* Products */ = {
			isa = PBXGroup;
			children = (
				37B5697E21C2139B00CE16A6 /* EZKontact.app */,
				37B5699221C2139E00CE16A6 /* EZKontactTests.xctest */,
			);
			name = Products;
			sourceTree = "<group>";
		};
		37B5698021C2139B00CE16A6 /* EZKontact */ = {
			isa = PBXGroup;
			children = (
				37B5698121C2139B00CE16A6 /* AppDelegate.swift */,
				37B569A721C21D5B00CE16A6 /* Model */,
				37B569A321C21D0000CE16A6 /* ViewModel */,
				37B569A121C21CE200CE16A6 /* Controllers */,
				37B569A621C21D4500CE16A6 /* Utilities */,
				37B5698521C2139B00CE16A6 /* Main.storyboard */,
				37B5698821C2139E00CE16A6 /* Assets.xcassets */,
				37B5698A21C2139E00CE16A6 /* LaunchScreen.storyboard */,
				37B5698D21C2139E00CE16A6 /* Info.plist */,
			);
			path = EZKontact;
			sourceTree = "<group>";
		};
		37B5699521C2139E00CE16A6 /* EZKontactTests */ = {
			isa = PBXGroup;
			children = (
				37B5699621C2139E00CE16A6 /* EZKontactTests.swift */,
				37B5699821C2139E00CE16A6 /* Info.plist */,
			);
			path = EZKontactTests;
			sourceTree = "<group>";
		};
		37B569A121C21CE200CE16A6 /* Controllers */ = {
			isa = PBXGroup;
			children = (
				37B569AA21C2271400CE16A6 /* SignInViewController.swift */,
				94FF598221C2C11500520EF2 /* RegistrationViewController.swift */,
			);
			path = Controllers;
			sourceTree = "<group>";
		};
		37B569A321C21D0000CE16A6 /* ViewModel */ = {
			isa = PBXGroup;
			children = (
			);
			path = ViewModel;
			sourceTree = "<group>";
		};
		37B569A621C21D4500CE16A6 /* Utilities */ = {
			isa = PBXGroup;
			children = (
				37B569AC21C22ADB00CE16A6 /* DesignableView.swift */,
				37B569A821C2248200CE16A6 /* ThemeManager.swift */,
				94FF597E21C2A62400520EF2 /* EZUtility.swift */,
			);
			path = Utilities;
			sourceTree = "<group>";
		};
		37B569A721C21D5B00CE16A6 /* Model */ = {
			isa = PBXGroup;
			children = (
			);
			path = Model;
			sourceTree = "<group>";
		};
		57407DC8E456704B3E71D73D /* Frameworks */ = {
			isa = PBXGroup;
			children = (
				F97AD8A1759863958B772BAD /* Pods_EZKontact.framework */,
				67F309C9CFBC2D39AA97204E /* Pods_EZKontact_EZKontactTests.framework */,
			);
			name = Frameworks;
			sourceTree = "<group>";
		};
		A38B83C5093323F34008CC63 /* Pods */ = {
			isa = PBXGroup;
			children = (
				EF57A212BC9E6148C7F65B82 /* Pods-EZKontact.debug.xcconfig */,
				CF8F696F092594ED851F409D /* Pods-EZKontact.release.xcconfig */,
			);
			name = Pods;
			sourceTree = "<group>";
		};
/* End PBXGroup section */

/* Begin PBXNativeTarget section */
		37B5697D21C2139B00CE16A6 /* EZKontact */ = {
			isa = PBXNativeTarget;
			buildConfigurationList = 37B5699B21C2139E00CE16A6 /* Build configuration list for PBXNativeTarget "EZKontact" */;
			buildPhases = (
				BC6AF11DABAB44A4D1B0CA63 /* [CP] Check Pods Manifest.lock */,
				37B5697A21C2139B00CE16A6 /* Sources */,
				37B5697B21C2139B00CE16A6 /* Frameworks */,
				37B5697C21C2139B00CE16A6 /* Resources */,
				AFE0CE00321FA28E88A27936 /* [CP] Embed Pods Frameworks */,
			);
			buildRules = (
			);
			dependencies = (
			);
			name = EZKontact;
			productName = EZKontact;
			productReference = 37B5697E21C2139B00CE16A6 /* EZKontact.app */;
			productType = "com.apple.product-type.application";
		};
		37B5699121C2139E00CE16A6 /* EZKontactTests */ = {
			isa = PBXNativeTarget;
			buildConfigurationList = 37B5699E21C2139E00CE16A6 /* Build configuration list for PBXNativeTarget "EZKontactTests" */;
			buildPhases = (
				37B5698E21C2139E00CE16A6 /* Sources */,
				37B5698F21C2139E00CE16A6 /* Frameworks */,
				37B5699021C2139E00CE16A6 /* Resources */,
			);
			buildRules = (
			);
			dependencies = (
				37B5699421C2139E00CE16A6 /* PBXTargetDependency */,
			);
			name = EZKontactTests;
			productName = EZKontactTests;
			productReference = 37B5699221C2139E00CE16A6 /* EZKontactTests.xctest */;
			productType = "com.apple.product-type.bundle.unit-test";
		};
/* End PBXNativeTarget section */

/* Begin PBXProject section */
		37B5697621C2139B00CE16A6 /* Project object */ = {
			isa = PBXProject;
			attributes = {
				LastSwiftUpdateCheck = 1010;
				LastUpgradeCheck = 1010;
				ORGANIZATIONNAME = iosdev;
				TargetAttributes = {
					37B5697D21C2139B00CE16A6 = {
						CreatedOnToolsVersion = 10.1;
					};
					37B5699121C2139E00CE16A6 = {
						CreatedOnToolsVersion = 10.1;
						TestTargetID = 37B5697D21C2139B00CE16A6;
					};
				};
			};
			buildConfigurationList = 37B5697921C2139B00CE16A6 /* Build configuration list for PBXProject "EZKontact" */;
			compatibilityVersion = "Xcode 9.3";
			developmentRegion = en;
			hasScannedForEncodings = 0;
			knownRegions = (
				en,
				Base,
			);
			mainGroup = 37B5697521C2139B00CE16A6;
			productRefGroup = 37B5697F21C2139B00CE16A6 /* Products */;
			projectDirPath = "";
			projectRoot = "";
			targets = (
				37B5697D21C2139B00CE16A6 /* EZKontact */,
				37B5699121C2139E00CE16A6 /* EZKontactTests */,
			);
		};
/* End PBXProject section */

/* Begin PBXResourcesBuildPhase section */
		37B5697C21C2139B00CE16A6 /* Resources */ = {
			isa = PBXResourcesBuildPhase;
			buildActionMask = 2147483647;
			files = (
				37B5698C21C2139E00CE16A6 /* LaunchScreen.storyboard in Resources */,
				37B5698921C2139E00CE16A6 /* Assets.xcassets in Resources */,
				37B5698721C2139B00CE16A6 /* Main.storyboard in Resources */,
			);
			runOnlyForDeploymentPostprocessing = 0;
		};
		37B5699021C2139E00CE16A6 /* Resources */ = {
			isa = PBXResourcesBuildPhase;
			buildActionMask = 2147483647;
			files = (
			);
			runOnlyForDeploymentPostprocessing = 0;
		};
/* End PBXResourcesBuildPhase section */

/* Begin PBXShellScriptBuildPhase section */
		AFE0CE00321FA28E88A27936 /* [CP] Embed Pods Frameworks */ = {
			isa = PBXShellScriptBuildPhase;
			buildActionMask = 2147483647;
			files = (
			);
			inputFileListPaths = (
			);
			inputPaths = (
				"${SRCROOT}/Pods/Target Support Files/Pods-EZKontact/Pods-EZKontact-frameworks.sh",
				"${BUILT_PRODUCTS_DIR}/Eureka/Eureka.framework",
				"${BUILT_PRODUCTS_DIR}/SkyFloatingLabelTextField/SkyFloatingLabelTextField.framework",
			);
			name = "[CP] Embed Pods Frameworks";
			outputFileListPaths = (
			);
			outputPaths = (
				"${TARGET_BUILD_DIR}/${FRAMEWORKS_FOLDER_PATH}/Eureka.framework",
				"${TARGET_BUILD_DIR}/${FRAMEWORKS_FOLDER_PATH}/SkyFloatingLabelTextField.framework",
			);
			runOnlyForDeploymentPostprocessing = 0;
			shellPath = /bin/sh;
			shellScript = "\"${SRCROOT}/Pods/Target Support Files/Pods-EZKontact/Pods-EZKontact-frameworks.sh\"\n";
			showEnvVarsInLog = 0;
		};
		BC6AF11DABAB44A4D1B0CA63 /* [CP] Check Pods Manifest.lock */ = {
			isa = PBXShellScriptBuildPhase;
			buildActionMask = 2147483647;
			files = (
			);
			inputPaths = (
				"${PODS_PODFILE_DIR_PATH}/Podfile.lock",
				"${PODS_ROOT}/Manifest.lock",
			);
			name = "[CP] Check Pods Manifest.lock";
			outputPaths = (
				"$(DERIVED_FILE_DIR)/Pods-EZKontact-checkManifestLockResult.txt",
			);
			runOnlyForDeploymentPostprocessing = 0;
			shellPath = /bin/sh;
			shellScript = "diff \"${PODS_PODFILE_DIR_PATH}/Podfile.lock\" \"${PODS_ROOT}/Manifest.lock\" > /dev/null\nif [ $? != 0 ] ; then\n    # print error to STDERR\n    echo \"error: The sandbox is not in sync with the Podfile.lock. Run 'pod install' or update your CocoaPods installation.\" >&2\n    exit 1\nfi\n# This output is used by Xcode 'outputs' to avoid re-running this script phase.\necho \"SUCCESS\" > \"${SCRIPT_OUTPUT_FILE_0}\"\n";
			showEnvVarsInLog = 0;
		};
/* End PBXShellScriptBuildPhase section */

/* Begin PBXSourcesBuildPhase section */
		37B5697A21C2139B00CE16A6 /* Sources */ = {
			isa = PBXSourcesBuildPhase;
			buildActionMask = 2147483647;
			files = (
				94FF598321C2C11500520EF2 /* RegistrationViewController.swift in Sources */,
				37B569AD21C22ADB00CE16A6 /* DesignableView.swift in Sources */,
				37B5698221C2139B00CE16A6 /* AppDelegate.swift in Sources */,
				37B569A921C2248200CE16A6 /* ThemeManager.swift in Sources */,
				37B569AB21C2271400CE16A6 /* SignInViewController.swift in Sources */,
				94FF597F21C2A62400520EF2 /* EZUtility.swift in Sources */,
			);
			runOnlyForDeploymentPostprocessing = 0;
		};
		37B5698E21C2139E00CE16A6 /* Sources */ = {
			isa = PBXSourcesBuildPhase;
			buildActionMask = 2147483647;
			files = (
				37B5699721C2139E00CE16A6 /* EZKontactTests.swift in Sources */,
			);
			runOnlyForDeploymentPostprocessing = 0;
		};
/* End PBXSourcesBuildPhase section */

/* Begin PBXTargetDependency section */
		37B5699421C2139E00CE16A6 /* PBXTargetDependency */ = {
			isa = PBXTargetDependency;
			target = 37B5697D21C2139B00CE16A6 /* EZKontact */;
			targetProxy = 37B5699321C2139E00CE16A6 /* PBXContainerItemProxy */;
		};
/* End PBXTargetDependency section */

/* Begin PBXVariantGroup section */
		37B5698521C2139B00CE16A6 /* Main.storyboard */ = {
			isa = PBXVariantGroup;
			children = (
				37B5698621C2139B00CE16A6 /* Base */,
			);
			name = Main.storyboard;
			sourceTree = "<group>";
		};
		37B5698A21C2139E00CE16A6 /* LaunchScreen.storyboard */ = {
			isa = PBXVariantGroup;
			children = (
				37B5698B21C2139E00CE16A6 /* Base */,
			);
			name = LaunchScreen.storyboard;
			sourceTree = "<group>";
		};
/* End PBXVariantGroup section */

/* Begin XCBuildConfiguration section */
		37B5699921C2139E00CE16A6 /* Debug */ = {
			isa = XCBuildConfiguration;
			buildSettings = {
				ALWAYS_SEARCH_USER_PATHS = NO;
				CLANG_ANALYZER_NONNULL = YES;
				CLANG_ANALYZER_NUMBER_OBJECT_CONVERSION = YES_AGGRESSIVE;
				CLANG_CXX_LANGUAGE_STANDARD = "gnu++14";
				CLANG_CXX_LIBRARY = "libc++";
				CLANG_ENABLE_MODULES = YES;
				CLANG_ENABLE_OBJC_ARC = YES;
				CLANG_ENABLE_OBJC_WEAK = YES;
				CLANG_WARN_BLOCK_CAPTURE_AUTORELEASING = YES;
				CLANG_WARN_BOOL_CONVERSION = YES;
				CLANG_WARN_COMMA = YES;
				CLANG_WARN_CONSTANT_CONVERSION = YES;
				CLANG_WARN_DEPRECATED_OBJC_IMPLEMENTATIONS = YES;
				CLANG_WARN_DIRECT_OBJC_ISA_USAGE = YES_ERROR;
				CLANG_WARN_DOCUMENTATION_COMMENTS = YES;
				CLANG_WARN_EMPTY_BODY = YES;
				CLANG_WARN_ENUM_CONVERSION = YES;
				CLANG_WARN_INFINITE_RECURSION = YES;
				CLANG_WARN_INT_CONVERSION = YES;
				CLANG_WARN_NON_LITERAL_NULL_CONVERSION = YES;
				CLANG_WARN_OBJC_IMPLICIT_RETAIN_SELF = YES;
				CLANG_WARN_OBJC_LITERAL_CONVERSION = YES;
				CLANG_WARN_OBJC_ROOT_CLASS = YES_ERROR;
				CLANG_WARN_RANGE_LOOP_ANALYSIS = YES;
				CLANG_WARN_STRICT_PROTOTYPES = YES;
				CLANG_WARN_SUSPICIOUS_MOVE = YES;
				CLANG_WARN_UNGUARDED_AVAILABILITY = YES_AGGRESSIVE;
				CLANG_WARN_UNREACHABLE_CODE = YES;
				CLANG_WARN__DUPLICATE_METHOD_MATCH = YES;
				CODE_SIGN_IDENTITY = "iPhone Developer";
				COPY_PHASE_STRIP = NO;
				DEBUG_INFORMATION_FORMAT = dwarf;
				ENABLE_STRICT_OBJC_MSGSEND = YES;
				ENABLE_TESTABILITY = YES;
				GCC_C_LANGUAGE_STANDARD = gnu11;
				GCC_DYNAMIC_NO_PIC = NO;
				GCC_NO_COMMON_BLOCKS = YES;
				GCC_OPTIMIZATION_LEVEL = 0;
				GCC_PREPROCESSOR_DEFINITIONS = (
					"DEBUG=1",
					"$(inherited)",
				);
				GCC_WARN_64_TO_32_BIT_CONVERSION = YES;
				GCC_WARN_ABOUT_RETURN_TYPE = YES_ERROR;
				GCC_WARN_UNDECLARED_SELECTOR = YES;
				GCC_WARN_UNINITIALIZED_AUTOS = YES_AGGRESSIVE;
				GCC_WARN_UNUSED_FUNCTION = YES;
				GCC_WARN_UNUSED_VARIABLE = YES;
				IPHONEOS_DEPLOYMENT_TARGET = 12.1;
				MTL_ENABLE_DEBUG_INFO = INCLUDE_SOURCE;
				MTL_FAST_MATH = YES;
				ONLY_ACTIVE_ARCH = YES;
				SDKROOT = iphoneos;
				SWIFT_ACTIVE_COMPILATION_CONDITIONS = DEBUG;
				SWIFT_OPTIMIZATION_LEVEL = "-Onone";
			};
			name = Debug;
		};
		37B5699A21C2139E00CE16A6 /* Release */ = {
			isa = XCBuildConfiguration;
			buildSettings = {
				ALWAYS_SEARCH_USER_PATHS = NO;
				CLANG_ANALYZER_NONNULL = YES;
				CLANG_ANALYZER_NUMBER_OBJECT_CONVERSION = YES_AGGRESSIVE;
				CLANG_CXX_LANGUAGE_STANDARD = "gnu++14";
				CLANG_CXX_LIBRARY = "libc++";
				CLANG_ENABLE_MODULES = YES;
				CLANG_ENABLE_OBJC_ARC = YES;
				CLANG_ENABLE_OBJC_WEAK = YES;
				CLANG_WARN_BLOCK_CAPTURE_AUTORELEASING = YES;
				CLANG_WARN_BOOL_CONVERSION = YES;
				CLANG_WARN_COMMA = YES;
				CLANG_WARN_CONSTANT_CONVERSION = YES;
				CLANG_WARN_DEPRECATED_OBJC_IMPLEMENTATIONS = YES;
				CLANG_WARN_DIRECT_OBJC_ISA_USAGE = YES_ERROR;
				CLANG_WARN_DOCUMENTATION_COMMENTS = YES;
				CLANG_WARN_EMPTY_BODY = YES;
				CLANG_WARN_ENUM_CONVERSION = YES;
				CLANG_WARN_INFINITE_RECURSION = YES;
				CLANG_WARN_INT_CONVERSION = YES;
				CLANG_WARN_NON_LITERAL_NULL_CONVERSION = YES;
				CLANG_WARN_OBJC_IMPLICIT_RETAIN_SELF = YES;
				CLANG_WARN_OBJC_LITERAL_CONVERSION = YES;
				CLANG_WARN_OBJC_ROOT_CLASS = YES_ERROR;
				CLANG_WARN_RANGE_LOOP_ANALYSIS = YES;
				CLANG_WARN_STRICT_PROTOTYPES = YES;
				CLANG_WARN_SUSPICIOUS_MOVE = YES;
				CLANG_WARN_UNGUARDED_AVAILABILITY = YES_AGGRESSIVE;
				CLANG_WARN_UNREACHABLE_CODE = YES;
				CLANG_WARN__DUPLICATE_METHOD_MATCH = YES;
				CODE_SIGN_IDENTITY = "iPhone Developer";
				COPY_PHASE_STRIP = NO;
				DEBUG_INFORMATION_FORMAT = "dwarf-with-dsym";
				ENABLE_NS_ASSERTIONS = NO;
				ENABLE_STRICT_OBJC_MSGSEND = YES;
				GCC_C_LANGUAGE_STANDARD = gnu11;
				GCC_NO_COMMON_BLOCKS = YES;
				GCC_WARN_64_TO_32_BIT_CONVERSION = YES;
				GCC_WARN_ABOUT_RETURN_TYPE = YES_ERROR;
				GCC_WARN_UNDECLARED_SELECTOR = YES;
				GCC_WARN_UNINITIALIZED_AUTOS = YES_AGGRESSIVE;
				GCC_WARN_UNUSED_FUNCTION = YES;
				GCC_WARN_UNUSED_VARIABLE = YES;
				IPHONEOS_DEPLOYMENT_TARGET = 12.1;
				MTL_ENABLE_DEBUG_INFO = NO;
				MTL_FAST_MATH = YES;
				SDKROOT = iphoneos;
				SWIFT_COMPILATION_MODE = wholemodule;
				SWIFT_OPTIMIZATION_LEVEL = "-O";
				VALIDATE_PRODUCT = YES;
			};
			name = Release;
		};
		37B5699C21C2139E00CE16A6 /* Debug */ = {
			isa = XCBuildConfiguration;
			baseConfigurationReference = EF57A212BC9E6148C7F65B82 /* Pods-EZKontact.debug.xcconfig */;
			buildSettings = {
				ASSETCATALOG_COMPILER_APPICON_NAME = AppIcon;
				CODE_SIGN_STYLE = Automatic;
				INFOPLIST_FILE = EZKontact/Info.plist;
				LD_RUNPATH_SEARCH_PATHS = (
					"$(inherited)",
					"@executable_path/Frameworks",
				);
				PRODUCT_BUNDLE_IDENTIFIER = com.iosdev..EZKontact;
				PRODUCT_NAME = "$(TARGET_NAME)";
				SWIFT_VERSION = 4.2;
				TARGETED_DEVICE_FAMILY = "1,2";
			};
			name = Debug;
		};
		37B5699D21C2139E00CE16A6 /* Release */ = {
			isa = XCBuildConfiguration;
			baseConfigurationReference = CF8F696F092594ED851F409D /* Pods-EZKontact.release.xcconfig */;
			buildSettings = {
				ASSETCATALOG_COMPILER_APPICON_NAME = AppIcon;
				CODE_SIGN_STYLE = Automatic;
				INFOPLIST_FILE = EZKontact/Info.plist;
				LD_RUNPATH_SEARCH_PATHS = (
					"$(inherited)",
					"@executable_path/Frameworks",
				);
				PRODUCT_BUNDLE_IDENTIFIER = com.iosdev..EZKontact;
				PRODUCT_NAME = "$(TARGET_NAME)";
				SWIFT_VERSION = 4.2;
				TARGETED_DEVICE_FAMILY = "1,2";
			};
			name = Release;
		};
		37B5699F21C2139E00CE16A6 /* Debug */ = {
			isa = XCBuildConfiguration;
			buildSettings = {
				ALWAYS_EMBED_SWIFT_STANDARD_LIBRARIES = YES;
				BUNDLE_LOADER = "$(TEST_HOST)";
				CODE_SIGN_STYLE = Automatic;
				INFOPLIST_FILE = EZKontactTests/Info.plist;
				LD_RUNPATH_SEARCH_PATHS = (
					"$(inherited)",
					"@executable_path/Frameworks",
					"@loader_path/Frameworks",
				);
				PRODUCT_BUNDLE_IDENTIFIER = com.iosdev..EZKontactTests;
				PRODUCT_NAME = "$(TARGET_NAME)";
				SWIFT_VERSION = 4.2;
				TARGETED_DEVICE_FAMILY = "1,2";
				TEST_HOST = "$(BUILT_PRODUCTS_DIR)/EZKontact.app/EZKontact";
			};
			name = Debug;
		};
		37B569A021C2139E00CE16A6 /* Release */ = {
			isa = XCBuildConfiguration;
			buildSettings = {
				ALWAYS_EMBED_SWIFT_STANDARD_LIBRARIES = YES;
				BUNDLE_LOADER = "$(TEST_HOST)";
				CODE_SIGN_STYLE = Automatic;
				INFOPLIST_FILE = EZKontactTests/Info.plist;
				LD_RUNPATH_SEARCH_PATHS = (
					"$(inherited)",
					"@executable_path/Frameworks",
					"@loader_path/Frameworks",
				);
				PRODUCT_BUNDLE_IDENTIFIER = com.iosdev..EZKontactTests;
				PRODUCT_NAME = "$(TARGET_NAME)";
				SWIFT_VERSION = 4.2;
				TARGETED_DEVICE_FAMILY = "1,2";
				TEST_HOST = "$(BUILT_PRODUCTS_DIR)/EZKontact.app/EZKontact";
			};
			name = Release;
		};
/* End XCBuildConfiguration section */

/* Begin XCConfigurationList section */
		37B5697921C2139B00CE16A6 /* Build configuration list for PBXProject "EZKontact" */ = {
			isa = XCConfigurationList;
			buildConfigurations = (
				37B5699921C2139E00CE16A6 /* Debug */,
				37B5699A21C2139E00CE16A6 /* Release */,
			);
			defaultConfigurationIsVisible = 0;
			defaultConfigurationName = Release;
		};
		37B5699B21C2139E00CE16A6 /* Build configuration list for PBXNativeTarget "EZKontact" */ = {
			isa = XCConfigurationList;
			buildConfigurations = (
				37B5699C21C2139E00CE16A6 /* Debug */,
				37B5699D21C2139E00CE16A6 /* Release */,
			);
			defaultConfigurationIsVisible = 0;
			defaultConfigurationName = Release;
		};
		37B5699E21C2139E00CE16A6 /* Build configuration list for PBXNativeTarget "EZKontactTests" */ = {
			isa = XCConfigurationList;
			buildConfigurations = (
				37B5699F21C2139E00CE16A6 /* Debug */,
				37B569A021C2139E00CE16A6 /* Release */,
			);
			defaultConfigurationIsVisible = 0;
			defaultConfigurationName = Release;
		};
/* End XCConfigurationList section */
	};
	rootObject = 37B5697621C2139B00CE16A6 /* Project object */;
}
